
Microsoft Visual Studio Solution File, Format Version 12.00
# Visual Studio Version 16
VisualStudioVersion = 16.0.32126.315
MinimumVisualStudioVersion = 10.0.40219.1
Project("{FAE04EC0-301F-11D3-BF4B-00C04F79EFBC}") = "ИС", "ИС\ИС.csproj", "{C9A8ABA3-CBC0-4B95-8E4D-3DD75D59C24A}"
EndProject
Global
	GlobalSection(SolutionConfigurationPlatforms) = preSolution
		Debug|Any CPU = Debug|Any CPU
		Release|Any CPU = Release|Any CPU
	EndGlobalSection
	GlobalSection(ProjectConfigurationPlatforms) = postSolution
		{C9A8ABA3-CBC0-4B95-8E4D-3DD75D59C24A}.Debug|Any CPU.ActiveCfg = Debug|Any CPU
		{C9A8ABA3-CBC0-4B95-8E4D-3DD75D59C24A}.Debug|Any CPU.Build.0 = Debug|Any CPU
		{C9A8ABA3-CBC0-4B95-8E4D-3DD75D59C24A}.Release|Any CPU.ActiveCfg = Release|Any CPU
		{C9A8ABA3-CBC0-4B95-8E4D-3DD75D59C24A}.Release|Any CPU.Build.0 = Release|Any CPU
	EndGlobalSection
	GlobalSection(SolutionProperties) = preSolution
		HideSolutionNode = FALSE
	EndGlobalSection
	GlobalSection(ExtensibilityGlobals) = postSolution
		SolutionGuid = {87355499-E5EC-4657-AFAD-413D20924558}
	EndGlobalSection
EndGlobal
